{
    "version": 3,
    "terraform_version": "0.11.7",
    "serial": 23,
    "lineage": "33671922-5320-40cf-af71-a42157a0bcba",
    "modules": [
        {
            "path": [
                "root"
            ],
            "outputs": {},
            "resources": {
                "aws_elb.example": {
                    "type": "aws_elb",
                    "depends_on": [
                        "aws_instance.example"
                    ],
                    "primary": {
                        "id": "example",
                        "attributes": {
                            "access_logs.#": "0",
                            "arn": "arn:aws:elasticloadbalancing:us-west-1:240595173262:loadbalancer/example",
                            "availability_zones.#": "2",
                            "availability_zones.3205754986": "us-west-1a",
                            "availability_zones.639279568": "us-west-1b",
                            "connection_draining": "false",
                            "connection_draining_timeout": "300",
                            "cross_zone_load_balancing": "true",
                            "dns_name": "example-672509207.us-west-1.elb.amazonaws.com",
                            "health_check.#": "1",
                            "health_check.0.healthy_threshold": "10",
                            "health_check.0.interval": "30",
                            "health_check.0.target": "TCP:8080",
                            "health_check.0.timeout": "5",
                            "health_check.0.unhealthy_threshold": "2",
                            "id": "example",
                            "idle_timeout": "60",
                            "instances.#": "1",
                            "instances.4012667221": "i-06963c75e49c15c54",
                            "internal": "false",
                            "listener.#": "1",
                            "listener.3931999347.instance_port": "8080",
                            "listener.3931999347.instance_protocol": "http",
                            "listener.3931999347.lb_port": "80",
                            "listener.3931999347.lb_protocol": "http",
                            "listener.3931999347.ssl_certificate_id": "",
                            "name": "example",
                            "security_groups.#": "1",
                            "security_groups.175876527": "sg-58527e21",
                            "source_security_group": "240595173262/default_elb_25e3d3cb-5153-3366-b758-f3bb417a4c4e",
                            "source_security_group_id": "sg-58527e21",
                            "subnets.#": "2",
                            "subnets.795087537": "subnet-9e2880fa",
                            "subnets.941051560": "subnet-cfcc3397",
                            "tags.%": "0",
                            "zone_id": "Z368ELLRRE2KJ0"
                        },
                        "meta": {},
                        "tainted": false
                    },
                    "deposed": [],
                    "provider": "provider.aws"
                },
                "aws_instance.example": {
                    "type": "aws_instance",
                    "depends_on": [],
                    "primary": {
                        "id": "i-06963c75e49c15c54",
                        "attributes": {
                            "ami": "ami-65e0e305",
                            "associate_public_ip_address": "true",
                            "availability_zone": "us-west-1a",
                            "disable_api_termination": "false",
                            "ebs_block_device.#": "0",
                            "ebs_optimized": "false",
                            "ephemeral_block_device.#": "0",
                            "iam_instance_profile": "",
                            "id": "i-06963c75e49c15c54",
                            "instance_state": "running",
                            "instance_type": "t2.micro",
                            "ipv6_addresses.#": "0",
                            "key_name": "",
                            "monitoring": "false",
                            "network_interface.#": "0",
                            "network_interface_id": "eni-f49405f0",
                            "placement_group": "",
                            "primary_network_interface_id": "eni-f49405f0",
                            "private_dns": "ip-172-31-11-99.us-west-1.compute.internal",
                            "private_ip": "172.31.11.99",
                            "public_dns": "ec2-18-144-22-89.us-west-1.compute.amazonaws.com",
                            "public_ip": "18.144.22.89",
                            "root_block_device.#": "1",
                            "root_block_device.0.delete_on_termination": "false",
                            "root_block_device.0.iops": "0",
                            "root_block_device.0.volume_id": "vol-0bcc4954e1feba90f",
                            "root_block_device.0.volume_size": "8",
                            "root_block_device.0.volume_type": "standard",
                            "security_groups.#": "1",
                            "security_groups.3814588639": "default",
                            "source_dest_check": "true",
                            "subnet_id": "subnet-cfcc3397",
                            "tags.%": "1",
                            "tags.Name": "terraform-example-2",
                            "tenancy": "default",
                            "volume_tags.%": "0",
                            "vpc_security_group_ids.#": "0"
                        },
                        "meta": {
                            "e2bfb730-ecaa-11e6-8f88-34363bc7c4c0": {
                                "create": 600000000000,
                                "delete": 600000000000,
                                "update": 600000000000
                            },
                            "schema_version": "1"
                        },
                        "tainted": false
                    },
                    "deposed": [],
                    "provider": "provider.aws"
                }
            },
            "depends_on": []
        }
    ]
}
